
Microsoft Visual Studio Solution File, Format Version 12.00
# Visual Studio Version 17
VisualStudioVersion = 17.5.002.0
MinimumVisualStudioVersion = 10.0.40219.1
Project("{9A19103F-16F7-4668-BE54-9A1E7A4F7556}") = "cemile", "Cemile\cemile.csproj", "{654990BC-2A78-4500-8D98-EFBCAD798A85}"
EndProject
Project("{9A19103F-16F7-4668-BE54-9A1E7A4F7556}") = "counting", "counting\counting.csproj", "{B8EE4641-C72A-48CA-A51A-D81D5D848AD0}"
EndProject
Project("{9A19103F-16F7-4668-BE54-9A1E7A4F7556}") = "dvmas_task2", "dvmas_task2\dvmas_task2.csproj", "{C30898B2-5B33-4491-B8AC-1A6F6D901CA9}"
EndProject
Project("{9A19103F-16F7-4668-BE54-9A1E7A4F7556}") = "dvuxmernie_massivi", "dvuxmernie_massivi\dvuxmernie_massivi.csproj", "{CC2BB750-038E-4FC3-B0FC-927005936161}"
EndProject
Project("{2150E333-8FDC-42A3-9474-1A3956D46DE8}") = "dMmassivi", "dMmassivi", "{58CAC2D7-599F-4C57-B631-790EC25E09C1}"
EndProject
Project("{9A19103F-16F7-4668-BE54-9A1E7A4F7556}") = "task1", "dMmassivi\task1\task1.csproj", "{EBFE136B-EBFE-40ED-A344-EC94A916D568}"
EndProject
Project("{2150E333-8FDC-42A3-9474-1A3956D46DE8}") = "funksii2", "funksii2", "{AFA8C46A-B29B-4906-875D-73891A6B9F5C}"
EndProject
Project("{9A19103F-16F7-4668-BE54-9A1E7A4F7556}") = "task1", "funksii2\task1\task1.csproj", "{78A833F9-5F9D-4B4A-9332-E1C6DFDF2929}"
EndProject
Project("{9A19103F-16F7-4668-BE54-9A1E7A4F7556}") = "task2", "funksii2\task2\task2.csproj", "{C9BCED8A-5EC1-44BB-A77E-2F07D5C98F6C}"
EndProject
Project("{9A19103F-16F7-4668-BE54-9A1E7A4F7556}") = "task3", "funksii2\task3\task3.csproj", "{0E173DC9-8D1E-443D-9117-B41DCC706DBC}"
EndProject
Project("{9A19103F-16F7-4668-BE54-9A1E7A4F7556}") = "task4", "funksii2\task4\task4.csproj", "{6B15872B-1C66-4C49-B829-39A123A8F7BA}"
EndProject
Project("{2150E333-8FDC-42A3-9474-1A3956D46DE8}") = "funksiya", "funksiya", "{BA885E6A-7432-4FC0-B1DA-CAFC8C496548}"
EndProject
Project("{9A19103F-16F7-4668-BE54-9A1E7A4F7556}") = "task1", "funksiya\task1\task1.csproj", "{50B0B247-4539-4E66-86E4-DAB459096867}"
EndProject
Project("{9A19103F-16F7-4668-BE54-9A1E7A4F7556}") = "task2", "funksiya\task2\task2.csproj", "{0AF9E25E-AD34-4416-BCA9-8B223D94BA41}"
EndProject
Project("{9A19103F-16F7-4668-BE54-9A1E7A4F7556}") = "task3", "funksiya\task3\task3.csproj", "{7977F042-8FA3-441B-A585-39EFDA2A7B17}"
EndProject
Project("{9A19103F-16F7-4668-BE54-9A1E7A4F7556}") = "task4", "funksiya\task4\task4.csproj", "{4BD06F76-6769-4472-B64E-5A84795E824A}"
EndProject
Project("{2150E333-8FDC-42A3-9474-1A3956D46DE8}") = "Homework", "Homework", "{6FDB3466-99E9-46C4-9637-02A79BFB8E77}"
EndProject
Project("{9A19103F-16F7-4668-BE54-9A1E7A4F7556}") = "homework4", "Homework\homework4\homework4.csproj", "{7EBDE288-D926-4CD5-8ED3-1FF2BB206775}"
EndProject
Project("{9A19103F-16F7-4668-BE54-9A1E7A4F7556}") = "homework7", "Homework\homework7\homework7.csproj", "{F0B26F09-8CA6-4897-82D2-887B8633A9E8}"
EndProject
Project("{9A19103F-16F7-4668-BE54-9A1E7A4F7556}") = "homework_sem4", "Homework\homework_sem4\homework_sem4.csproj", "{A236BC04-FD16-4F86-9E6B-82EDDDBAF5E0}"
EndProject
Project("{9A19103F-16F7-4668-BE54-9A1E7A4F7556}") = "HomeWork_seminar2", "Homework\HomeWork_seminar2\HomeWork_seminar2.csproj", "{07D8BB8D-9346-4E22-A641-88322D760307}"
EndProject
Project("{2150E333-8FDC-42A3-9474-1A3956D46DE8}") = "rekursiya", "rekursiya", "{2CD96926-112A-4D96-B37A-E1DF25804EFB}"
EndProject
Project("{9A19103F-16F7-4668-BE54-9A1E7A4F7556}") = "taSK1", "rekursiya\task1\taSK1.csproj", "{D4801C4A-97E6-4782-871E-C16DF5D202A0}"
EndProject
Project("{2150E333-8FDC-42A3-9474-1A3956D46DE8}") = "Seminars", "Seminars", "{75B0EEA9-D77F-43F3-9420-534EDFD008A7}"
EndProject
Project("{9A19103F-16F7-4668-BE54-9A1E7A4F7556}") = "Sem1", "Seminars\Sem1\Sem1.csproj", "{18611192-AAA0-44A7-B5F2-89893E49DBFA}"
EndProject
Project("{9A19103F-16F7-4668-BE54-9A1E7A4F7556}") = "sem2", "Seminars\sem2\sem2.csproj", "{6C6358A6-D260-4490-92C1-73D54DE29052}"
EndProject
Project("{9A19103F-16F7-4668-BE54-9A1E7A4F7556}") = "sem3", "Seminars\sem3\sem3.csproj", "{7E7A35A7-B748-467F-A2DC-A3B5040D17EA}"
EndProject
Project("{9A19103F-16F7-4668-BE54-9A1E7A4F7556}") = "sem4", "Seminars\sem4\sem4.csproj", "{2E5E6B48-707C-4609-9B91-C6D30E819D15}"
EndProject
Project("{9A19103F-16F7-4668-BE54-9A1E7A4F7556}") = "sem5_dmassiv", "Seminars\sem5_dmassiv\sem5_dmassiv.csproj", "{62485D5B-E412-40D1-AB6A-89B95DE0F984}"
EndProject
Project("{9A19103F-16F7-4668-BE54-9A1E7A4F7556}") = "sem6_massivi_stroki", "Seminars\sem6_massivi_stroki\sem6_massivi_stroki.csproj", "{5CE294A9-6821-41F0-922C-0C6E96D4E141}"
EndProject
Global
	GlobalSection(SolutionConfigurationPlatforms) = preSolution
		Debug|Any CPU = Debug|Any CPU
		Release|Any CPU = Release|Any CPU
	EndGlobalSection
	GlobalSection(ProjectConfigurationPlatforms) = postSolution
		{654990BC-2A78-4500-8D98-EFBCAD798A85}.Debug|Any CPU.ActiveCfg = Debug|Any CPU
		{654990BC-2A78-4500-8D98-EFBCAD798A85}.Debug|Any CPU.Build.0 = Debug|Any CPU
		{654990BC-2A78-4500-8D98-EFBCAD798A85}.Release|Any CPU.ActiveCfg = Release|Any CPU
		{654990BC-2A78-4500-8D98-EFBCAD798A85}.Release|Any CPU.Build.0 = Release|Any CPU
		{B8EE4641-C72A-48CA-A51A-D81D5D848AD0}.Debug|Any CPU.ActiveCfg = Debug|Any CPU
		{B8EE4641-C72A-48CA-A51A-D81D5D848AD0}.Debug|Any CPU.Build.0 = Debug|Any CPU
		{B8EE4641-C72A-48CA-A51A-D81D5D848AD0}.Release|Any CPU.ActiveCfg = Release|Any CPU
		{B8EE4641-C72A-48CA-A51A-D81D5D848AD0}.Release|Any CPU.Build.0 = Release|Any CPU
		{C30898B2-5B33-4491-B8AC-1A6F6D901CA9}.Debug|Any CPU.ActiveCfg = Debug|Any CPU
		{C30898B2-5B33-4491-B8AC-1A6F6D901CA9}.Debug|Any CPU.Build.0 = Debug|Any CPU
		{C30898B2-5B33-4491-B8AC-1A6F6D901CA9}.Release|Any CPU.ActiveCfg = Release|Any CPU
		{C30898B2-5B33-4491-B8AC-1A6F6D901CA9}.Release|Any CPU.Build.0 = Release|Any CPU
		{CC2BB750-038E-4FC3-B0FC-927005936161}.Debug|Any CPU.ActiveCfg = Debug|Any CPU
		{CC2BB750-038E-4FC3-B0FC-927005936161}.Debug|Any CPU.Build.0 = Debug|Any CPU
		{CC2BB750-038E-4FC3-B0FC-927005936161}.Release|Any CPU.ActiveCfg = Release|Any CPU
		{CC2BB750-038E-4FC3-B0FC-927005936161}.Release|Any CPU.Build.0 = Release|Any CPU
		{EBFE136B-EBFE-40ED-A344-EC94A916D568}.Debug|Any CPU.ActiveCfg = Debug|Any CPU
		{EBFE136B-EBFE-40ED-A344-EC94A916D568}.Debug|Any CPU.Build.0 = Debug|Any CPU
		{EBFE136B-EBFE-40ED-A344-EC94A916D568}.Release|Any CPU.ActiveCfg = Release|Any CPU
		{EBFE136B-EBFE-40ED-A344-EC94A916D568}.Release|Any CPU.Build.0 = Release|Any CPU
		{78A833F9-5F9D-4B4A-9332-E1C6DFDF2929}.Debug|Any CPU.ActiveCfg = Debug|Any CPU
		{78A833F9-5F9D-4B4A-9332-E1C6DFDF2929}.Debug|Any CPU.Build.0 = Debug|Any CPU
		{78A833F9-5F9D-4B4A-9332-E1C6DFDF2929}.Release|Any CPU.ActiveCfg = Release|Any CPU
		{78A833F9-5F9D-4B4A-9332-E1C6DFDF2929}.Release|Any CPU.Build.0 = Release|Any CPU
		{C9BCED8A-5EC1-44BB-A77E-2F07D5C98F6C}.Debug|Any CPU.ActiveCfg = Debug|Any CPU
		{C9BCED8A-5EC1-44BB-A77E-2F07D5C98F6C}.Debug|Any CPU.Build.0 = Debug|Any CPU
		{C9BCED8A-5EC1-44BB-A77E-2F07D5C98F6C}.Release|Any CPU.ActiveCfg = Release|Any CPU
		{C9BCED8A-5EC1-44BB-A77E-2F07D5C98F6C}.Release|Any CPU.Build.0 = Release|Any CPU
		{0E173DC9-8D1E-443D-9117-B41DCC706DBC}.Debug|Any CPU.ActiveCfg = Debug|Any CPU
		{0E173DC9-8D1E-443D-9117-B41DCC706DBC}.Debug|Any CPU.Build.0 = Debug|Any CPU
		{0E173DC9-8D1E-443D-9117-B41DCC706DBC}.Release|Any CPU.ActiveCfg = Release|Any CPU
		{0E173DC9-8D1E-443D-9117-B41DCC706DBC}.Release|Any CPU.Build.0 = Release|Any CPU
		{6B15872B-1C66-4C49-B829-39A123A8F7BA}.Debug|Any CPU.ActiveCfg = Debug|Any CPU
		{6B15872B-1C66-4C49-B829-39A123A8F7BA}.Debug|Any CPU.Build.0 = Debug|Any CPU
		{6B15872B-1C66-4C49-B829-39A123A8F7BA}.Release|Any CPU.ActiveCfg = Release|Any CPU
		{6B15872B-1C66-4C49-B829-39A123A8F7BA}.Release|Any CPU.Build.0 = Release|Any CPU
		{50B0B247-4539-4E66-86E4-DAB459096867}.Debug|Any CPU.ActiveCfg = Debug|Any CPU
		{50B0B247-4539-4E66-86E4-DAB459096867}.Debug|Any CPU.Build.0 = Debug|Any CPU
		{50B0B247-4539-4E66-86E4-DAB459096867}.Release|Any CPU.ActiveCfg = Release|Any CPU
		{50B0B247-4539-4E66-86E4-DAB459096867}.Release|Any CPU.Build.0 = Release|Any CPU
		{0AF9E25E-AD34-4416-BCA9-8B223D94BA41}.Debug|Any CPU.ActiveCfg = Debug|Any CPU
		{0AF9E25E-AD34-4416-BCA9-8B223D94BA41}.Debug|Any CPU.Build.0 = Debug|Any CPU
		{0AF9E25E-AD34-4416-BCA9-8B223D94BA41}.Release|Any CPU.ActiveCfg = Release|Any CPU
		{0AF9E25E-AD34-4416-BCA9-8B223D94BA41}.Release|Any CPU.Build.0 = Release|Any CPU
		{7977F042-8FA3-441B-A585-39EFDA2A7B17}.Debug|Any CPU.ActiveCfg = Debug|Any CPU
		{7977F042-8FA3-441B-A585-39EFDA2A7B17}.Debug|Any CPU.Build.0 = Debug|Any CPU
		{7977F042-8FA3-441B-A585-39EFDA2A7B17}.Release|Any CPU.ActiveCfg = Release|Any CPU
		{7977F042-8FA3-441B-A585-39EFDA2A7B17}.Release|Any CPU.Build.0 = Release|Any CPU
		{4BD06F76-6769-4472-B64E-5A84795E824A}.Debug|Any CPU.ActiveCfg = Debug|Any CPU
		{4BD06F76-6769-4472-B64E-5A84795E824A}.Debug|Any CPU.Build.0 = Debug|Any CPU
		{4BD06F76-6769-4472-B64E-5A84795E824A}.Release|Any CPU.ActiveCfg = Release|Any CPU
		{4BD06F76-6769-4472-B64E-5A84795E824A}.Release|Any CPU.Build.0 = Release|Any CPU
		{7EBDE288-D926-4CD5-8ED3-1FF2BB206775}.Debug|Any CPU.ActiveCfg = Debug|Any CPU
		{7EBDE288-D926-4CD5-8ED3-1FF2BB206775}.Debug|Any CPU.Build.0 = Debug|Any CPU
		{7EBDE288-D926-4CD5-8ED3-1FF2BB206775}.Release|Any CPU.ActiveCfg = Release|Any CPU
		{7EBDE288-D926-4CD5-8ED3-1FF2BB206775}.Release|Any CPU.Build.0 = Release|Any CPU
		{F0B26F09-8CA6-4897-82D2-887B8633A9E8}.Debug|Any CPU.ActiveCfg = Debug|Any CPU
		{F0B26F09-8CA6-4897-82D2-887B8633A9E8}.Debug|Any CPU.Build.0 = Debug|Any CPU
		{F0B26F09-8CA6-4897-82D2-887B8633A9E8}.Release|Any CPU.ActiveCfg = Release|Any CPU
		{F0B26F09-8CA6-4897-82D2-887B8633A9E8}.Release|Any CPU.Build.0 = Release|Any CPU
		{A236BC04-FD16-4F86-9E6B-82EDDDBAF5E0}.Debug|Any CPU.ActiveCfg = Debug|Any CPU
		{A236BC04-FD16-4F86-9E6B-82EDDDBAF5E0}.Debug|Any CPU.Build.0 = Debug|Any CPU
		{A236BC04-FD16-4F86-9E6B-82EDDDBAF5E0}.Release|Any CPU.ActiveCfg = Release|Any CPU
		{A236BC04-FD16-4F86-9E6B-82EDDDBAF5E0}.Release|Any CPU.Build.0 = Release|Any CPU
		{07D8BB8D-9346-4E22-A641-88322D760307}.Debug|Any CPU.ActiveCfg = Debug|Any CPU
		{07D8BB8D-9346-4E22-A641-88322D760307}.Debug|Any CPU.Build.0 = Debug|Any CPU
		{07D8BB8D-9346-4E22-A641-88322D760307}.Release|Any CPU.ActiveCfg = Release|Any CPU
		{07D8BB8D-9346-4E22-A641-88322D760307}.Release|Any CPU.Build.0 = Release|Any CPU
		{D4801C4A-97E6-4782-871E-C16DF5D202A0}.Debug|Any CPU.ActiveCfg = Debug|Any CPU
		{D4801C4A-97E6-4782-871E-C16DF5D202A0}.Debug|Any CPU.Build.0 = Debug|Any CPU
		{D4801C4A-97E6-4782-871E-C16DF5D202A0}.Release|Any CPU.ActiveCfg = Release|Any CPU
		{D4801C4A-97E6-4782-871E-C16DF5D202A0}.Release|Any CPU.Build.0 = Release|Any CPU
		{18611192-AAA0-44A7-B5F2-89893E49DBFA}.Debug|Any CPU.ActiveCfg = Debug|Any CPU
		{18611192-AAA0-44A7-B5F2-89893E49DBFA}.Debug|Any CPU.Build.0 = Debug|Any CPU
		{18611192-AAA0-44A7-B5F2-89893E49DBFA}.Release|Any CPU.ActiveCfg = Release|Any CPU
		{18611192-AAA0-44A7-B5F2-89893E49DBFA}.Release|Any CPU.Build.0 = Release|Any CPU
		{6C6358A6-D260-4490-92C1-73D54DE29052}.Debug|Any CPU.ActiveCfg = Debug|Any CPU
		{6C6358A6-D260-4490-92C1-73D54DE29052}.Debug|Any CPU.Build.0 = Debug|Any CPU
		{6C6358A6-D260-4490-92C1-73D54DE29052}.Release|Any CPU.ActiveCfg = Release|Any CPU
		{6C6358A6-D260-4490-92C1-73D54DE29052}.Release|Any CPU.Build.0 = Release|Any CPU
		{7E7A35A7-B748-467F-A2DC-A3B5040D17EA}.Debug|Any CPU.ActiveCfg = Debug|Any CPU
		{7E7A35A7-B748-467F-A2DC-A3B5040D17EA}.Debug|Any CPU.Build.0 = Debug|Any CPU
		{7E7A35A7-B748-467F-A2DC-A3B5040D17EA}.Release|Any CPU.ActiveCfg = Release|Any CPU
		{7E7A35A7-B748-467F-A2DC-A3B5040D17EA}.Release|Any CPU.Build.0 = Release|Any CPU
		{2E5E6B48-707C-4609-9B91-C6D30E819D15}.Debug|Any CPU.ActiveCfg = Debug|Any CPU
		{2E5E6B48-707C-4609-9B91-C6D30E819D15}.Debug|Any CPU.Build.0 = Debug|Any CPU
		{2E5E6B48-707C-4609-9B91-C6D30E819D15}.Release|Any CPU.ActiveCfg = Release|Any CPU
		{2E5E6B48-707C-4609-9B91-C6D30E819D15}.Release|Any CPU.Build.0 = Release|Any CPU
		{62485D5B-E412-40D1-AB6A-89B95DE0F984}.Debug|Any CPU.ActiveCfg = Debug|Any CPU
		{62485D5B-E412-40D1-AB6A-89B95DE0F984}.Debug|Any CPU.Build.0 = Debug|Any CPU
		{62485D5B-E412-40D1-AB6A-89B95DE0F984}.Release|Any CPU.ActiveCfg = Release|Any CPU
		{62485D5B-E412-40D1-AB6A-89B95DE0F984}.Release|Any CPU.Build.0 = Release|Any CPU
		{5CE294A9-6821-41F0-922C-0C6E96D4E141}.Debug|Any CPU.ActiveCfg = Debug|Any CPU
		{5CE294A9-6821-41F0-922C-0C6E96D4E141}.Debug|Any CPU.Build.0 = Debug|Any CPU
		{5CE294A9-6821-41F0-922C-0C6E96D4E141}.Release|Any CPU.ActiveCfg = Release|Any CPU
		{5CE294A9-6821-41F0-922C-0C6E96D4E141}.Release|Any CPU.Build.0 = Release|Any CPU
	EndGlobalSection
	GlobalSection(SolutionProperties) = preSolution
		HideSolutionNode = FALSE
	EndGlobalSection
	GlobalSection(NestedProjects) = preSolution
		{EBFE136B-EBFE-40ED-A344-EC94A916D568} = {58CAC2D7-599F-4C57-B631-790EC25E09C1}
		{78A833F9-5F9D-4B4A-9332-E1C6DFDF2929} = {AFA8C46A-B29B-4906-875D-73891A6B9F5C}
		{C9BCED8A-5EC1-44BB-A77E-2F07D5C98F6C} = {AFA8C46A-B29B-4906-875D-73891A6B9F5C}
		{0E173DC9-8D1E-443D-9117-B41DCC706DBC} = {AFA8C46A-B29B-4906-875D-73891A6B9F5C}
		{6B15872B-1C66-4C49-B829-39A123A8F7BA} = {AFA8C46A-B29B-4906-875D-73891A6B9F5C}
		{50B0B247-4539-4E66-86E4-DAB459096867} = {BA885E6A-7432-4FC0-B1DA-CAFC8C496548}
		{0AF9E25E-AD34-4416-BCA9-8B223D94BA41} = {BA885E6A-7432-4FC0-B1DA-CAFC8C496548}
		{7977F042-8FA3-441B-A585-39EFDA2A7B17} = {BA885E6A-7432-4FC0-B1DA-CAFC8C496548}
		{4BD06F76-6769-4472-B64E-5A84795E824A} = {BA885E6A-7432-4FC0-B1DA-CAFC8C496548}
		{7EBDE288-D926-4CD5-8ED3-1FF2BB206775} = {6FDB3466-99E9-46C4-9637-02A79BFB8E77}
		{F0B26F09-8CA6-4897-82D2-887B8633A9E8} = {6FDB3466-99E9-46C4-9637-02A79BFB8E77}
		{A236BC04-FD16-4F86-9E6B-82EDDDBAF5E0} = {6FDB3466-99E9-46C4-9637-02A79BFB8E77}
		{07D8BB8D-9346-4E22-A641-88322D760307} = {6FDB3466-99E9-46C4-9637-02A79BFB8E77}
		{D4801C4A-97E6-4782-871E-C16DF5D202A0} = {2CD96926-112A-4D96-B37A-E1DF25804EFB}
		{18611192-AAA0-44A7-B5F2-89893E49DBFA} = {75B0EEA9-D77F-43F3-9420-534EDFD008A7}
		{6C6358A6-D260-4490-92C1-73D54DE29052} = {75B0EEA9-D77F-43F3-9420-534EDFD008A7}
		{7E7A35A7-B748-467F-A2DC-A3B5040D17EA} = {75B0EEA9-D77F-43F3-9420-534EDFD008A7}
		{2E5E6B48-707C-4609-9B91-C6D30E819D15} = {75B0EEA9-D77F-43F3-9420-534EDFD008A7}
		{62485D5B-E412-40D1-AB6A-89B95DE0F984} = {75B0EEA9-D77F-43F3-9420-534EDFD008A7}
		{5CE294A9-6821-41F0-922C-0C6E96D4E141} = {75B0EEA9-D77F-43F3-9420-534EDFD008A7}
	EndGlobalSection
	GlobalSection(ExtensibilityGlobals) = postSolution
		SolutionGuid = {DB9687EA-8E70-4CE4-B9DC-E21EFDB16F12}
	EndGlobalSection
EndGlobal
